
Microsoft Visual Studio Solution File, Format Version 12.00
# Visual Studio Version 16
VisualStudioVersion = 16.0.31005.135
MinimumVisualStudioVersion = 10.0.40219.1
Project("{CC5FD16D-436D-48AD-A40C-5A424C6E3E79}") = "AzureCloudRandomNumbers", "AzureCloudRandomNumbers\AzureCloudRandomNumbers.ccproj", "{44FC3737-4AA7-4A5E-867F-D22FF2A2984B}"
EndProject
Project("{FAE04EC0-301F-11D3-BF4B-00C04F79EFBC}") = "WCFServiceWebRole1", "WCFServiceWebRole1\WCFServiceWebRole1.csproj", "{3CD0A6A3-47C0-400F-8A9F-DA170D79D456}"
EndProject
Global
	GlobalSection(SolutionConfigurationPlatforms) = preSolution
		Debug|Any CPU = Debug|Any CPU
		Release|Any CPU = Release|Any CPU
	EndGlobalSection
	GlobalSection(ProjectConfigurationPlatforms) = postSolution
		{44FC3737-4AA7-4A5E-867F-D22FF2A2984B}.Debug|Any CPU.ActiveCfg = Debug|Any CPU
		{44FC3737-4AA7-4A5E-867F-D22FF2A2984B}.Debug|Any CPU.Build.0 = Debug|Any CPU
		{44FC3737-4AA7-4A5E-867F-D22FF2A2984B}.Release|Any CPU.ActiveCfg = Release|Any CPU
		{44FC3737-4AA7-4A5E-867F-D22FF2A2984B}.Release|Any CPU.Build.0 = Release|Any CPU
		{3CD0A6A3-47C0-400F-8A9F-DA170D79D456}.Debug|Any CPU.ActiveCfg = Debug|Any CPU
		{3CD0A6A3-47C0-400F-8A9F-DA170D79D456}.Debug|Any CPU.Build.0 = Debug|Any CPU
		{3CD0A6A3-47C0-400F-8A9F-DA170D79D456}.Release|Any CPU.ActiveCfg = Release|Any CPU
		{3CD0A6A3-47C0-400F-8A9F-DA170D79D456}.Release|Any CPU.Build.0 = Release|Any CPU
	EndGlobalSection
	GlobalSection(SolutionProperties) = preSolution
		HideSolutionNode = FALSE
	EndGlobalSection
	GlobalSection(ExtensibilityGlobals) = postSolution
		SolutionGuid = {82DF7CD3-560D-402B-8EE8-1F652B607A2A}
	EndGlobalSection
EndGlobal
